// !$*UTF8*$!
{
	archiveVersion = 1;
	classes = {
	};
	objectVersion = 46;
	objects = {

/* Begin PBXBuildFile section */
		0464BEFA04F7E37FB1C555E4 /* Pods_PushPrimeNotificationService.framework in Frameworks */ = {isa = PBXBuildFile; fileRef = 9A49AB9113D15943FB9762C3 /* Pods_PushPrimeNotificationService.framework */; };
		2DACDC4DDD4D4DB1E46005E7 /* Pods_PushPrime_Tests.framework in Frameworks */ = {isa = PBXBuildFile; fileRef = 4541F7C7F2371BFFE61DE972 /* Pods_PushPrime_Tests.framework */; };
		6003F58E195388D20070C39A /* Foundation.framework in Frameworks */ = {isa = PBXBuildFile; fileRef = 6003F58D195388D20070C39A /* Foundation.framework */; };
		6003F590195388D20070C39A /* CoreGraphics.framework in Frameworks */ = {isa = PBXBuildFile; fileRef = 6003F58F195388D20070C39A /* CoreGraphics.framework */; };
		6003F592195388D20070C39A /* UIKit.framework in Frameworks */ = {isa = PBXBuildFile; fileRef = 6003F591195388D20070C39A /* UIKit.framework */; };
		6003F598195388D20070C39A /* InfoPlist.strings in Resources */ = {isa = PBXBuildFile; fileRef = 6003F596195388D20070C39A /* InfoPlist.strings */; };
		6003F59A195388D20070C39A /* main.m in Sources */ = {isa = PBXBuildFile; fileRef = 6003F599195388D20070C39A /* main.m */; };
		6003F59E195388D20070C39A /* PPAppDelegate.m in Sources */ = {isa = PBXBuildFile; fileRef = 6003F59D195388D20070C39A /* PPAppDelegate.m */; };
		6003F5A7195388D20070C39A /* PPViewController.m in Sources */ = {isa = PBXBuildFile; fileRef = 6003F5A6195388D20070C39A /* PPViewController.m */; };
		6003F5A9195388D20070C39A /* Images.xcassets in Resources */ = {isa = PBXBuildFile; fileRef = 6003F5A8195388D20070C39A /* Images.xcassets */; };
		6003F5B0195388D20070C39A /* XCTest.framework in Frameworks */ = {isa = PBXBuildFile; fileRef = 6003F5AF195388D20070C39A /* XCTest.framework */; };
		6003F5B1195388D20070C39A /* Foundation.framework in Frameworks */ = {isa = PBXBuildFile; fileRef = 6003F58D195388D20070C39A /* Foundation.framework */; };
		6003F5B2195388D20070C39A /* UIKit.framework in Frameworks */ = {isa = PBXBuildFile; fileRef = 6003F591195388D20070C39A /* UIKit.framework */; };
		6003F5BA195388D20070C39A /* InfoPlist.strings in Resources */ = {isa = PBXBuildFile; fileRef = 6003F5B8195388D20070C39A /* InfoPlist.strings */; };
		6003F5BC195388D20070C39A /* Tests.m in Sources */ = {isa = PBXBuildFile; fileRef = 6003F5BB195388D20070C39A /* Tests.m */; };
		873B8AEB1B1F5CCA007FD442 /* Main.storyboard in Resources */ = {isa = PBXBuildFile; fileRef = 873B8AEA1B1F5CCA007FD442 /* Main.storyboard */; };
		8E0779E81E9F46AC003542C3 /* PushPrimeNotificationService.appex in Embed App Extensions */ = {isa = PBXBuildFile; fileRef = 8E8314F21E913C0D00D7F53F /* PushPrimeNotificationService.appex */; settings = {ATTRIBUTES = (RemoveHeadersOnCopy, ); }; };
		8E440CDB1E93F97C0020F670 /* Pods_PushPrime_Example.framework in Frameworks */ = {isa = PBXBuildFile; fileRef = 3EAB93D107CC339225EEB02C /* Pods_PushPrime_Example.framework */; };
		8E8314F61E913C0D00D7F53F /* NotificationService.m in Sources */ = {isa = PBXBuildFile; fileRef = 8E8314F51E913C0D00D7F53F /* NotificationService.m */; };
		8EAEE6B71E8AD3CA00CA9AAA /* demonstrative.m4r.m4a in Resources */ = {isa = PBXBuildFile; fileRef = 8EAEE6B61E8AD3CA00CA9AAA /* demonstrative.m4r.m4a */; };
/* End PBXBuildFile section */

/* Begin PBXContainerItemProxy section */
		6003F5B3195388D20070C39A /* PBXContainerItemProxy */ = {
			isa = PBXContainerItemProxy;
			containerPortal = 6003F582195388D10070C39A /* Project object */;
			proxyType = 1;
			remoteGlobalIDString = 6003F589195388D20070C39A;
			remoteInfo = PushPrime;
		};
		8E0779E91E9F46AC003542C3 /* PBXContainerItemProxy */ = {
			isa = PBXContainerItemProxy;
			containerPortal = 6003F582195388D10070C39A /* Project object */;
			proxyType = 1;
			remoteGlobalIDString = 8E8314F11E913C0D00D7F53F;
			remoteInfo = PushPrimeNotificationService;
		};
/* End PBXContainerItemProxy section */

/* Begin PBXCopyFilesBuildPhase section */
		8E0779EB1E9F46AC003542C3 /* Embed App Extensions */ = {
			isa = PBXCopyFilesBuildPhase;
			buildActionMask = 2147483647;
			dstPath = "";
			dstSubfolderSpec = 13;
			files = (
				8E0779E81E9F46AC003542C3 /* PushPrimeNotificationService.appex in Embed App Extensions */,
			);
			name = "Embed App Extensions";
			runOnlyForDeploymentPostprocessing = 0;
		};
/* End PBXCopyFilesBuildPhase section */

/* Begin PBXFileReference section */
		0B0280581637582EA50EB85D /* Pods-PushPrime_Example.debug.xcconfig */ = {isa = PBXFileReference; includeInIndex = 1; lastKnownFileType = text.xcconfig; name = "Pods-PushPrime_Example.debug.xcconfig"; path = "Pods/Target Support Files/Pods-PushPrime_Example/Pods-PushPrime_Example.debug.xcconfig"; sourceTree = "<group>"; };
		1F880D52B9315EF006DCCC6B /* LICENSE */ = {isa = PBXFileReference; includeInIndex = 1; lastKnownFileType = text; name = LICENSE; path = ../LICENSE; sourceTree = "<group>"; };
		25ADACD2241FC52636990F59 /* Pods-PushPrime_Tests.debug.xcconfig */ = {isa = PBXFileReference; includeInIndex = 1; lastKnownFileType = text.xcconfig; name = "Pods-PushPrime_Tests.debug.xcconfig"; path = "Pods/Target Support Files/Pods-PushPrime_Tests/Pods-PushPrime_Tests.debug.xcconfig"; sourceTree = "<group>"; };
		3EAB93D107CC339225EEB02C /* Pods_PushPrime_Example.framework */ = {isa = PBXFileReference; explicitFileType = wrapper.framework; includeInIndex = 0; path = Pods_PushPrime_Example.framework; sourceTree = BUILT_PRODUCTS_DIR; };
		4541F7C7F2371BFFE61DE972 /* Pods_PushPrime_Tests.framework */ = {isa = PBXFileReference; explicitFileType = wrapper.framework; includeInIndex = 0; path = Pods_PushPrime_Tests.framework; sourceTree = BUILT_PRODUCTS_DIR; };
		5B787C8C0A3F39E6F4D7AAD3 /* Pods-PushPrime_Tests.release.xcconfig */ = {isa = PBXFileReference; includeInIndex = 1; lastKnownFileType = text.xcconfig; name = "Pods-PushPrime_Tests.release.xcconfig"; path = "Pods/Target Support Files/Pods-PushPrime_Tests/Pods-PushPrime_Tests.release.xcconfig"; sourceTree = "<group>"; };
		6003F58A195388D20070C39A /* PushPrime.app */ = {isa = PBXFileReference; explicitFileType = wrapper.application; includeInIndex = 0; path = PushPrime.app; sourceTree = BUILT_PRODUCTS_DIR; };
		6003F58D195388D20070C39A /* Foundation.framework */ = {isa = PBXFileReference; lastKnownFileType = wrapper.framework; name = Foundation.framework; path = System/Library/Frameworks/Foundation.framework; sourceTree = SDKROOT; };
		6003F58F195388D20070C39A /* CoreGraphics.framework */ = {isa = PBXFileReference; lastKnownFileType = wrapper.framework; name = CoreGraphics.framework; path = System/Library/Frameworks/CoreGraphics.framework; sourceTree = SDKROOT; };
		6003F591195388D20070C39A /* UIKit.framework */ = {isa = PBXFileReference; lastKnownFileType = wrapper.framework; name = UIKit.framework; path = System/Library/Frameworks/UIKit.framework; sourceTree = SDKROOT; };
		6003F595195388D20070C39A /* PushPrime-Info.plist */ = {isa = PBXFileReference; lastKnownFileType = text.plist.xml; path = "PushPrime-Info.plist"; sourceTree = "<group>"; };
		6003F597195388D20070C39A /* en */ = {isa = PBXFileReference; lastKnownFileType = text.plist.strings; name = en; path = en.lproj/InfoPlist.strings; sourceTree = "<group>"; };
		6003F599195388D20070C39A /* main.m */ = {isa = PBXFileReference; lastKnownFileType = sourcecode.c.objc; path = main.m; sourceTree = "<group>"; };
		6003F59B195388D20070C39A /* PushPrime-Prefix.pch */ = {isa = PBXFileReference; lastKnownFileType = sourcecode.c.h; path = "PushPrime-Prefix.pch"; sourceTree = "<group>"; };
		6003F59C195388D20070C39A /* PPAppDelegate.h */ = {isa = PBXFileReference; lastKnownFileType = sourcecode.c.h; path = PPAppDelegate.h; sourceTree = "<group>"; };
		6003F59D195388D20070C39A /* PPAppDelegate.m */ = {isa = PBXFileReference; lastKnownFileType = sourcecode.c.objc; path = PPAppDelegate.m; sourceTree = "<group>"; };
		6003F5A5195388D20070C39A /* PPViewController.h */ = {isa = PBXFileReference; lastKnownFileType = sourcecode.c.h; path = PPViewController.h; sourceTree = "<group>"; };
		6003F5A6195388D20070C39A /* PPViewController.m */ = {isa = PBXFileReference; lastKnownFileType = sourcecode.c.objc; path = PPViewController.m; sourceTree = "<group>"; };
		6003F5A8195388D20070C39A /* Images.xcassets */ = {isa = PBXFileReference; lastKnownFileType = folder.assetcatalog; path = Images.xcassets; sourceTree = "<group>"; };
		6003F5AE195388D20070C39A /* PushPrime_Tests.xctest */ = {isa = PBXFileReference; explicitFileType = wrapper.cfbundle; includeInIndex = 0; path = PushPrime_Tests.xctest; sourceTree = BUILT_PRODUCTS_DIR; };
		6003F5AF195388D20070C39A /* XCTest.framework */ = {isa = PBXFileReference; lastKnownFileType = wrapper.framework; name = XCTest.framework; path = Library/Frameworks/XCTest.framework; sourceTree = DEVELOPER_DIR; };
		6003F5B7195388D20070C39A /* Tests-Info.plist */ = {isa = PBXFileReference; lastKnownFileType = text.plist.xml; path = "Tests-Info.plist"; sourceTree = "<group>"; };
		6003F5B9195388D20070C39A /* en */ = {isa = PBXFileReference; lastKnownFileType = text.plist.strings; name = en; path = en.lproj/InfoPlist.strings; sourceTree = "<group>"; };
		6003F5BB195388D20070C39A /* Tests.m */ = {isa = PBXFileReference; lastKnownFileType = sourcecode.c.objc; path = Tests.m; sourceTree = "<group>"; };
		606FC2411953D9B200FFA9A0 /* Tests-Prefix.pch */ = {isa = PBXFileReference; lastKnownFileType = sourcecode.c.h; path = "Tests-Prefix.pch"; sourceTree = "<group>"; };
		873B8AEA1B1F5CCA007FD442 /* Main.storyboard */ = {isa = PBXFileReference; fileEncoding = 4; lastKnownFileType = file.storyboard; path = Main.storyboard; sourceTree = "<group>"; };
		8C53BE82A415D5B124660BA5 /* README.md */ = {isa = PBXFileReference; includeInIndex = 1; lastKnownFileType = net.daringfireball.markdown; name = README.md; path = ../README.md; sourceTree = "<group>"; };
		8E440CDC1E94C3970020F670 /* PushPrimeNotificationService.entitlements */ = {isa = PBXFileReference; lastKnownFileType = text.plist.entitlements; path = PushPrimeNotificationService.entitlements; sourceTree = "<group>"; };
		8E8314F21E913C0D00D7F53F /* PushPrimeNotificationService.appex */ = {isa = PBXFileReference; explicitFileType = "wrapper.app-extension"; includeInIndex = 0; path = PushPrimeNotificationService.appex; sourceTree = BUILT_PRODUCTS_DIR; };
		8E8314F41E913C0D00D7F53F /* NotificationService.h */ = {isa = PBXFileReference; lastKnownFileType = sourcecode.c.h; path = NotificationService.h; sourceTree = "<group>"; };
		8E8314F51E913C0D00D7F53F /* NotificationService.m */ = {isa = PBXFileReference; lastKnownFileType = sourcecode.c.objc; path = NotificationService.m; sourceTree = "<group>"; };
		8E8314F71E913C0D00D7F53F /* Info.plist */ = {isa = PBXFileReference; lastKnownFileType = text.plist.xml; path = Info.plist; sourceTree = "<group>"; };
		8EAEE6B61E8AD3CA00CA9AAA /* demonstrative.m4r.m4a */ = {isa = PBXFileReference; lastKnownFileType = file; path = demonstrative.m4r.m4a; sourceTree = "<group>"; };
		8EDF529F1E5811BC00E3D5CB /* PushPrime_Example.entitlements */ = {isa = PBXFileReference; lastKnownFileType = text.plist.entitlements; path = PushPrime_Example.entitlements; sourceTree = "<group>"; };
		9A49AB9113D15943FB9762C3 /* Pods_PushPrimeNotificationService.framework */ = {isa = PBXFileReference; explicitFileType = wrapper.framework; includeInIndex = 0; path = Pods_PushPrimeNotificationService.framework; sourceTree = BUILT_PRODUCTS_DIR; };
		AEC785D8A4E8F2BD0B0F95F1 /* PushPrime.podspec */ = {isa = PBXFileReference; includeInIndex = 1; lastKnownFileType = text; name = PushPrime.podspec; path = ../PushPrime.podspec; sourceTree = "<group>"; };
		D68976330B4C885D037F2075 /* Pods-PushPrime_Example.release.xcconfig */ = {isa = PBXFileReference; includeInIndex = 1; lastKnownFileType = text.xcconfig; name = "Pods-PushPrime_Example.release.xcconfig"; path = "Pods/Target Support Files/Pods-PushPrime_Example/Pods-PushPrime_Example.release.xcconfig"; sourceTree = "<group>"; };
		DBACE1B8495FB0D0A9F4C002 /* Pods-PushPrimeNotificationService.release.xcconfig */ = {isa = PBXFileReference; includeInIndex = 1; lastKnownFileType = text.xcconfig; name = "Pods-PushPrimeNotificationService.release.xcconfig"; path = "Pods/Target Support Files/Pods-PushPrimeNotificationService/Pods-PushPrimeNotificationService.release.xcconfig"; sourceTree = "<group>"; };
		F7350A3A778FAE64FFDF2345 /* Pods-PushPrimeNotificationService.debug.xcconfig */ = {isa = PBXFileReference; includeInIndex = 1; lastKnownFileType = text.xcconfig; name = "Pods-PushPrimeNotificationService.debug.xcconfig"; path = "Pods/Target Support Files/Pods-PushPrimeNotificationService/Pods-PushPrimeNotificationService.debug.xcconfig"; sourceTree = "<group>"; };
/* End PBXFileReference section */

/* Begin PBXFrameworksBuildPhase section */
		6003F587195388D20070C39A /* Frameworks */ = {
			isa = PBXFrameworksBuildPhase;
			buildActionMask = 2147483647;
			files = (
				8E440CDB1E93F97C0020F670 /* Pods_PushPrime_Example.framework in Frameworks */,
				6003F590195388D20070C39A /* CoreGraphics.framework in Frameworks */,
				6003F592195388D20070C39A /* UIKit.framework in Frameworks */,
				6003F58E195388D20070C39A /* Foundation.framework in Frameworks */,
			);
			runOnlyForDeploymentPostprocessing = 0;
		};
		6003F5AB195388D20070C39A /* Frameworks */ = {
			isa = PBXFrameworksBuildPhase;
			buildActionMask = 2147483647;
			files = (
				6003F5B0195388D20070C39A /* XCTest.framework in Frameworks */,
				6003F5B2195388D20070C39A /* UIKit.framework in Frameworks */,
				6003F5B1195388D20070C39A /* Foundation.framework in Frameworks */,
				2DACDC4DDD4D4DB1E46005E7 /* Pods_PushPrime_Tests.framework in Frameworks */,
			);
			runOnlyForDeploymentPostprocessing = 0;
		};
		8E8314EF1E913C0D00D7F53F /* Frameworks */ = {
			isa = PBXFrameworksBuildPhase;
			buildActionMask = 2147483647;
			files = (
				0464BEFA04F7E37FB1C555E4 /* Pods_PushPrimeNotificationService.framework in Frameworks */,
			);
			runOnlyForDeploymentPostprocessing = 0;
		};
/* End PBXFrameworksBuildPhase section */

/* Begin PBXGroup section */
		6003F581195388D10070C39A = {
			isa = PBXGroup;
			children = (
				8EDF529F1E5811BC00E3D5CB /* PushPrime_Example.entitlements */,
				60FF7A9C1954A5C5007DD14C /* Podspec Metadata */,
				6003F593195388D20070C39A /* Example for PushPrime */,
				6003F5B5195388D20070C39A /* Tests */,
				8E8314F31E913C0D00D7F53F /* PushPrimeNotificationService */,
				6003F58C195388D20070C39A /* Frameworks */,
				6003F58B195388D20070C39A /* Products */,
				9CFAFE971B1D1D2EC41C0851 /* Pods */,
			);
			sourceTree = "<group>";
		};
		6003F58B195388D20070C39A /* Products */ = {
			isa = PBXGroup;
			children = (
				6003F58A195388D20070C39A /* PushPrime.app */,
				6003F5AE195388D20070C39A /* PushPrime_Tests.xctest */,
				8E8314F21E913C0D00D7F53F /* PushPrimeNotificationService.appex */,
			);
			name = Products;
			sourceTree = "<group>";
		};
		6003F58C195388D20070C39A /* Frameworks */ = {
			isa = PBXGroup;
			children = (
				6003F58D195388D20070C39A /* Foundation.framework */,
				6003F58F195388D20070C39A /* CoreGraphics.framework */,
				6003F591195388D20070C39A /* UIKit.framework */,
				6003F5AF195388D20070C39A /* XCTest.framework */,
				3EAB93D107CC339225EEB02C /* Pods_PushPrime_Example.framework */,
				4541F7C7F2371BFFE61DE972 /* Pods_PushPrime_Tests.framework */,
				9A49AB9113D15943FB9762C3 /* Pods_PushPrimeNotificationService.framework */,
			);
			name = Frameworks;
			sourceTree = "<group>";
		};
		6003F593195388D20070C39A /* Example for PushPrime */ = {
			isa = PBXGroup;
			children = (
				6003F59C195388D20070C39A /* PPAppDelegate.h */,
				6003F59D195388D20070C39A /* PPAppDelegate.m */,
				873B8AEA1B1F5CCA007FD442 /* Main.storyboard */,
				6003F5A5195388D20070C39A /* PPViewController.h */,
				6003F5A6195388D20070C39A /* PPViewController.m */,
				6003F5A8195388D20070C39A /* Images.xcassets */,
				6003F594195388D20070C39A /* Supporting Files */,
			);
			name = "Example for PushPrime";
			path = PushPrime;
			sourceTree = "<group>";
		};
		6003F594195388D20070C39A /* Supporting Files */ = {
			isa = PBXGroup;
			children = (
				8EAEE6B61E8AD3CA00CA9AAA /* demonstrative.m4r.m4a */,
				6003F595195388D20070C39A /* PushPrime-Info.plist */,
				6003F596195388D20070C39A /* InfoPlist.strings */,
				6003F599195388D20070C39A /* main.m */,
				6003F59B195388D20070C39A /* PushPrime-Prefix.pch */,
			);
			name = "Supporting Files";
			sourceTree = "<group>";
		};
		6003F5B5195388D20070C39A /* Tests */ = {
			isa = PBXGroup;
			children = (
				6003F5BB195388D20070C39A /* Tests.m */,
				6003F5B6195388D20070C39A /* Supporting Files */,
			);
			path = Tests;
			sourceTree = "<group>";
		};
		6003F5B6195388D20070C39A /* Supporting Files */ = {
			isa = PBXGroup;
			children = (
				6003F5B7195388D20070C39A /* Tests-Info.plist */,
				6003F5B8195388D20070C39A /* InfoPlist.strings */,
				606FC2411953D9B200FFA9A0 /* Tests-Prefix.pch */,
			);
			name = "Supporting Files";
			sourceTree = "<group>";
		};
		60FF7A9C1954A5C5007DD14C /* Podspec Metadata */ = {
			isa = PBXGroup;
			children = (
				AEC785D8A4E8F2BD0B0F95F1 /* PushPrime.podspec */,
				8C53BE82A415D5B124660BA5 /* README.md */,
				1F880D52B9315EF006DCCC6B /* LICENSE */,
			);
			name = "Podspec Metadata";
			sourceTree = "<group>";
		};
		8E8314F31E913C0D00D7F53F /* PushPrimeNotificationService */ = {
			isa = PBXGroup;
			children = (
				8E440CDC1E94C3970020F670 /* PushPrimeNotificationService.entitlements */,
				8E8314F41E913C0D00D7F53F /* NotificationService.h */,
				8E8314F51E913C0D00D7F53F /* NotificationService.m */,
				8E8314F71E913C0D00D7F53F /* Info.plist */,
			);
			path = PushPrimeNotificationService;
			sourceTree = "<group>";
		};
		9CFAFE971B1D1D2EC41C0851 /* Pods */ = {
			isa = PBXGroup;
			children = (
				0B0280581637582EA50EB85D /* Pods-PushPrime_Example.debug.xcconfig */,
				D68976330B4C885D037F2075 /* Pods-PushPrime_Example.release.xcconfig */,
				25ADACD2241FC52636990F59 /* Pods-PushPrime_Tests.debug.xcconfig */,
				5B787C8C0A3F39E6F4D7AAD3 /* Pods-PushPrime_Tests.release.xcconfig */,
				F7350A3A778FAE64FFDF2345 /* Pods-PushPrimeNotificationService.debug.xcconfig */,
				DBACE1B8495FB0D0A9F4C002 /* Pods-PushPrimeNotificationService.release.xcconfig */,
			);
			name = Pods;
			sourceTree = "<group>";
		};
/* End PBXGroup section */

/* Begin PBXNativeTarget section */
		6003F589195388D20070C39A /* PushPrime_Example */ = {
			isa = PBXNativeTarget;
			buildConfigurationList = 6003F5BF195388D20070C39A /* Build configuration list for PBXNativeTarget "PushPrime_Example" */;
			buildPhases = (
				3B2C46FC46A779F6B81888DE /* [CP] Check Pods Manifest.lock */,
				6003F586195388D20070C39A /* Sources */,
				6003F587195388D20070C39A /* Frameworks */,
				6003F588195388D20070C39A /* Resources */,
				33D193ADFDA420A0DCD70408 /* [CP] Embed Pods Frameworks */,
				6A3DDC2447DA7EAD5DCA2EDC /* [CP] Copy Pods Resources */,
				8E0779EB1E9F46AC003542C3 /* Embed App Extensions */,
			);
			buildRules = (
			);
			dependencies = (
				8E0779EA1E9F46AC003542C3 /* PBXTargetDependency */,
			);
			name = PushPrime_Example;
			productName = PushPrime;
			productReference = 6003F58A195388D20070C39A /* PushPrime.app */;
			productType = "com.apple.product-type.application";
		};
		6003F5AD195388D20070C39A /* PushPrime_Tests */ = {
			isa = PBXNativeTarget;
			buildConfigurationList = 6003F5C2195388D20070C39A /* Build configuration list for PBXNativeTarget "PushPrime_Tests" */;
			buildPhases = (
				39BB0A9A61547AB6B9B04F2B /* [CP] Check Pods Manifest.lock */,
				6003F5AA195388D20070C39A /* Sources */,
				6003F5AB195388D20070C39A /* Frameworks */,
				6003F5AC195388D20070C39A /* Resources */,
				EF02553FAC742A41C8CEBC57 /* [CP] Embed Pods Frameworks */,
				19C268396162B0AC94C43FB1 /* [CP] Copy Pods Resources */,
			);
			buildRules = (
			);
			dependencies = (
				6003F5B4195388D20070C39A /* PBXTargetDependency */,
			);
			name = PushPrime_Tests;
			productName = PushPrimeTests;
			productReference = 6003F5AE195388D20070C39A /* PushPrime_Tests.xctest */;
			productType = "com.apple.product-type.bundle.unit-test";
		};
		8E8314F11E913C0D00D7F53F /* PushPrimeNotificationService */ = {
			isa = PBXNativeTarget;
			buildConfigurationList = 8E8314FD1E913C0D00D7F53F /* Build configuration list for PBXNativeTarget "PushPrimeNotificationService" */;
			buildPhases = (
				FBE47337B784DC8C1D01D4AB /* [CP] Check Pods Manifest.lock */,
				8E8314EE1E913C0D00D7F53F /* Sources */,
				8E8314EF1E913C0D00D7F53F /* Frameworks */,
				8E8314F01E913C0D00D7F53F /* Resources */,
				019DF45578B10137BAF6855D /* [CP] Copy Pods Resources */,
			);
			buildRules = (
			);
			dependencies = (
			);
			name = PushPrimeNotificationService;
			productName = PushPrimeNotificationService;
			productReference = 8E8314F21E913C0D00D7F53F /* PushPrimeNotificationService.appex */;
			productType = "com.apple.product-type.app-extension";
		};
/* End PBXNativeTarget section */

/* Begin PBXProject section */
		6003F582195388D10070C39A /* Project object */ = {
			isa = PBXProject;
			attributes = {
				CLASSPREFIX = PP;
				LastUpgradeCheck = 0820;
				ORGANIZATIONNAME = Tilal;
				TargetAttributes = {
					6003F589195388D20070C39A = {
						DevelopmentTeam = XEEU6U4NDT;
						SystemCapabilities = {
							com.apple.BackgroundModes = {
								enabled = 1;
							};
							com.apple.Push = {
								enabled = 1;
							};
						};
					};
					6003F5AD195388D20070C39A = {
						TestTargetID = 6003F589195388D20070C39A;
					};
					8E8314F11E913C0D00D7F53F = {
						CreatedOnToolsVersion = 8.3;
						DevelopmentTeam = XEEU6U4NDT;
						ProvisioningStyle = Automatic;
						SystemCapabilities = {
							com.apple.Push = {
								enabled = 1;
							};
						};
					};
				};
			};
			buildConfigurationList = 6003F585195388D10070C39A /* Build configuration list for PBXProject "PushPrime" */;
			compatibilityVersion = "Xcode 3.2";
			developmentRegion = English;
			hasScannedForEncodings = 0;
			knownRegions = (
				en,
				Base,
			);
			mainGroup = 6003F581195388D10070C39A;
			productRefGroup = 6003F58B195388D20070C39A /* Products */;
			projectDirPath = "";
			projectRoot = "";
			targets = (
				6003F589195388D20070C39A /* PushPrime_Example */,
				6003F5AD195388D20070C39A /* PushPrime_Tests */,
				8E8314F11E913C0D00D7F53F /* PushPrimeNotificationService */,
			);
		};
/* End PBXProject section */

/* Begin PBXResourcesBuildPhase section */
		6003F588195388D20070C39A /* Resources */ = {
			isa = PBXResourcesBuildPhase;
			buildActionMask = 2147483647;
			files = (
				873B8AEB1B1F5CCA007FD442 /* Main.storyboard in Resources */,
				6003F5A9195388D20070C39A /* Images.xcassets in Resources */,
				6003F598195388D20070C39A /* InfoPlist.strings in Resources */,
				8EAEE6B71E8AD3CA00CA9AAA /* demonstrative.m4r.m4a in Resources */,
			);
			runOnlyForDeploymentPostprocessing = 0;
		};
		6003F5AC195388D20070C39A /* Resources */ = {
			isa = PBXResourcesBuildPhase;
			buildActionMask = 2147483647;
			files = (
				6003F5BA195388D20070C39A /* InfoPlist.strings in Resources */,
			);
			runOnlyForDeploymentPostprocessing = 0;
		};
		8E8314F01E913C0D00D7F53F /* Resources */ = {
			isa = PBXResourcesBuildPhase;
			buildActionMask = 2147483647;
			files = (
			);
			runOnlyForDeploymentPostprocessing = 0;
		};
/* End PBXResourcesBuildPhase section */

/* Begin PBXShellScriptBuildPhase section */
		019DF45578B10137BAF6855D /* [CP] Copy Pods Resources */ = {
			isa = PBXShellScriptBuildPhase;
			buildActionMask = 2147483647;
			files = (
			);
			inputPaths = (
			);
			name = "[CP] Copy Pods Resources";
			outputPaths = (
			);
			runOnlyForDeploymentPostprocessing = 0;
			shellPath = /bin/sh;
			shellScript = "\"${SRCROOT}/Pods/Target Support Files/Pods-PushPrimeNotificationService/Pods-PushPrimeNotificationService-resources.sh\"\n";
			showEnvVarsInLog = 0;
		};
		19C268396162B0AC94C43FB1 /* [CP] Copy Pods Resources */ = {
			isa = PBXShellScriptBuildPhase;
			buildActionMask = 2147483647;
			files = (
			);
			inputPaths = (
			);
			name = "[CP] Copy Pods Resources";
			outputPaths = (
			);
			runOnlyForDeploymentPostprocessing = 0;
			shellPath = /bin/sh;
			shellScript = "\"${SRCROOT}/Pods/Target Support Files/Pods-PushPrime_Tests/Pods-PushPrime_Tests-resources.sh\"\n";
			showEnvVarsInLog = 0;
		};
		33D193ADFDA420A0DCD70408 /* [CP] Embed Pods Frameworks */ = {
			isa = PBXShellScriptBuildPhase;
			buildActionMask = 2147483647;
			files = (
			);
			inputPaths = (
			);
			name = "[CP] Embed Pods Frameworks";
			outputPaths = (
			);
			runOnlyForDeploymentPostprocessing = 0;
			shellPath = /bin/sh;
			shellScript = "\"${SRCROOT}/Pods/Target Support Files/Pods-PushPrime_Example/Pods-PushPrime_Example-frameworks.sh\"\n";
			showEnvVarsInLog = 0;
		};
		39BB0A9A61547AB6B9B04F2B /* [CP] Check Pods Manifest.lock */ = {
			isa = PBXShellScriptBuildPhase;
			buildActionMask = 2147483647;
			files = (
			);
			inputPaths = (
			);
			name = "[CP] Check Pods Manifest.lock";
			outputPaths = (
			);
			runOnlyForDeploymentPostprocessing = 0;
			shellPath = /bin/sh;
			shellScript = "diff \"${PODS_ROOT}/../Podfile.lock\" \"${PODS_ROOT}/Manifest.lock\" > /dev/null\nif [ $? != 0 ] ; then\n    # print error to STDERR\n    echo \"error: The sandbox is not in sync with the Podfile.lock. Run 'pod install' or update your CocoaPods installation.\" >&2\n    exit 1\nfi\n";
			showEnvVarsInLog = 0;
		};
		3B2C46FC46A779F6B81888DE /* [CP] Check Pods Manifest.lock */ = {
			isa = PBXShellScriptBuildPhase;
			buildActionMask = 2147483647;
			files = (
			);
			inputPaths = (
			);
			name = "[CP] Check Pods Manifest.lock";
			outputPaths = (
			);
			runOnlyForDeploymentPostprocessing = 0;
			shellPath = /bin/sh;
			shellScript = "diff \"${PODS_ROOT}/../Podfile.lock\" \"${PODS_ROOT}/Manifest.lock\" > /dev/null\nif [ $? != 0 ] ; then\n    # print error to STDERR\n    echo \"error: The sandbox is not in sync with the Podfile.lock. Run 'pod install' or update your CocoaPods installation.\" >&2\n    exit 1\nfi\n";
			showEnvVarsInLog = 0;
		};
		6A3DDC2447DA7EAD5DCA2EDC /* [CP] Copy Pods Resources */ = {
			isa = PBXShellScriptBuildPhase;
			buildActionMask = 2147483647;
			files = (
			);
			inputPaths = (
			);
			name = "[CP] Copy Pods Resources";
			outputPaths = (
			);
			runOnlyForDeploymentPostprocessing = 0;
			shellPath = /bin/sh;
			shellScript = "\"${SRCROOT}/Pods/Target Support Files/Pods-PushPrime_Example/Pods-PushPrime_Example-resources.sh\"\n";
			showEnvVarsInLog = 0;
		};
		EF02553FAC742A41C8CEBC57 /* [CP] Embed Pods Frameworks */ = {
			isa = PBXShellScriptBuildPhase;
			buildActionMask = 2147483647;
			files = (
			);
			inputPaths = (
			);
			name = "[CP] Embed Pods Frameworks";
			outputPaths = (
			);
			runOnlyForDeploymentPostprocessing = 0;
			shellPath = /bin/sh;
			shellScript = "\"${SRCROOT}/Pods/Target Support Files/Pods-PushPrime_Tests/Pods-PushPrime_Tests-frameworks.sh\"\n";
			showEnvVarsInLog = 0;
		};
		FBE47337B784DC8C1D01D4AB /* [CP] Check Pods Manifest.lock */ = {
			isa = PBXShellScriptBuildPhase;
			buildActionMask = 2147483647;
			files = (
			);
			inputPaths = (
			);
			name = "[CP] Check Pods Manifest.lock";
			outputPaths = (
			);
			runOnlyForDeploymentPostprocessing = 0;
			shellPath = /bin/sh;
			shellScript = "diff \"${PODS_ROOT}/../Podfile.lock\" \"${PODS_ROOT}/Manifest.lock\" > /dev/null\nif [ $? != 0 ] ; then\n    # print error to STDERR\n    echo \"error: The sandbox is not in sync with the Podfile.lock. Run 'pod install' or update your CocoaPods installation.\" >&2\n    exit 1\nfi\n";
			showEnvVarsInLog = 0;
		};
/* End PBXShellScriptBuildPhase section */

/* Begin PBXSourcesBuildPhase section */
		6003F586195388D20070C39A /* Sources */ = {
			isa = PBXSourcesBuildPhase;
			buildActionMask = 2147483647;
			files = (
				6003F59E195388D20070C39A /* PPAppDelegate.m in Sources */,
				6003F5A7195388D20070C39A /* PPViewController.m in Sources */,
				6003F59A195388D20070C39A /* main.m in Sources */,
			);
			runOnlyForDeploymentPostprocessing = 0;
		};
		6003F5AA195388D20070C39A /* Sources */ = {
			isa = PBXSourcesBuildPhase;
			buildActionMask = 2147483647;
			files = (
				6003F5BC195388D20070C39A /* Tests.m in Sources */,
			);
			runOnlyForDeploymentPostprocessing = 0;
		};
		8E8314EE1E913C0D00D7F53F /* Sources */ = {
			isa = PBXSourcesBuildPhase;
			buildActionMask = 2147483647;
			files = (
				8E8314F61E913C0D00D7F53F /* NotificationService.m in Sources */,
			);
			runOnlyForDeploymentPostprocessing = 0;
		};
/* End PBXSourcesBuildPhase section */

/* Begin PBXTargetDependency section */
		6003F5B4195388D20070C39A /* PBXTargetDependency */ = {
			isa = PBXTargetDependency;
			target = 6003F589195388D20070C39A /* PushPrime_Example */;
			targetProxy = 6003F5B3195388D20070C39A /* PBXContainerItemProxy */;
		};
		8E0779EA1E9F46AC003542C3 /* PBXTargetDependency */ = {
			isa = PBXTargetDependency;
			target = 8E8314F11E913C0D00D7F53F /* PushPrimeNotificationService */;
			targetProxy = 8E0779E91E9F46AC003542C3 /* PBXContainerItemProxy */;
		};
/* End PBXTargetDependency section */

/* Begin PBXVariantGroup section */
		6003F596195388D20070C39A /* InfoPlist.strings */ = {
			isa = PBXVariantGroup;
			children = (
				6003F597195388D20070C39A /* en */,
			);
			name = InfoPlist.strings;
			sourceTree = "<group>";
		};
		6003F5B8195388D20070C39A /* InfoPlist.strings */ = {
			isa = PBXVariantGroup;
			children = (
				6003F5B9195388D20070C39A /* en */,
			);
			name = InfoPlist.strings;
			sourceTree = "<group>";
		};
/* End PBXVariantGroup section */

/* Begin XCBuildConfiguration section */
		6003F5BD195388D20070C39A /* Debug */ = {
			isa = XCBuildConfiguration;
			buildSettings = {
				ALWAYS_SEARCH_USER_PATHS = NO;
				CLANG_CXX_LANGUAGE_STANDARD = "gnu++0x";
				CLANG_CXX_LIBRARY = "libc++";
				CLANG_ENABLE_MODULES = YES;
				CLANG_ENABLE_OBJC_ARC = YES;
				CLANG_WARN_BOOL_CONVERSION = YES;
				CLANG_WARN_CONSTANT_CONVERSION = YES;
				CLANG_WARN_DIRECT_OBJC_ISA_USAGE = YES_ERROR;
				CLANG_WARN_EMPTY_BODY = YES;
				CLANG_WARN_ENUM_CONVERSION = YES;
				CLANG_WARN_INFINITE_RECURSION = YES;
				CLANG_WARN_INT_CONVERSION = YES;
				CLANG_WARN_OBJC_ROOT_CLASS = YES_ERROR;
				CLANG_WARN_SUSPICIOUS_MOVE = YES;
				CLANG_WARN_UNREACHABLE_CODE = YES;
				CLANG_WARN__DUPLICATE_METHOD_MATCH = YES;
				"CODE_SIGN_IDENTITY[sdk=iphoneos*]" = "iPhone Developer";
				COPY_PHASE_STRIP = NO;
				ENABLE_STRICT_OBJC_MSGSEND = YES;
				ENABLE_TESTABILITY = YES;
				GCC_C_LANGUAGE_STANDARD = gnu99;
				GCC_DYNAMIC_NO_PIC = NO;
				GCC_NO_COMMON_BLOCKS = YES;
				GCC_OPTIMIZATION_LEVEL = 0;
				GCC_PREPROCESSOR_DEFINITIONS = (
					"DEBUG=1",
					"$(inherited)",
				);
				GCC_SYMBOLS_PRIVATE_EXTERN = NO;
				GCC_WARN_64_TO_32_BIT_CONVERSION = YES;
				GCC_WARN_ABOUT_RETURN_TYPE = YES_ERROR;
				GCC_WARN_UNDECLARED_SELECTOR = YES;
				GCC_WARN_UNINITIALIZED_AUTOS = YES_AGGRESSIVE;
				GCC_WARN_UNUSED_FUNCTION = YES;
				GCC_WARN_UNUSED_VARIABLE = YES;
				IPHONEOS_DEPLOYMENT_TARGET = 7.0;
				ONLY_ACTIVE_ARCH = YES;
				SDKROOT = iphoneos;
				TARGETED_DEVICE_FAMILY = "1,2";
			};
			name = Debug;
		};
		6003F5BE195388D20070C39A /* Release */ = {
			isa = XCBuildConfiguration;
			buildSettings = {
				ALWAYS_SEARCH_USER_PATHS = NO;
				CLANG_CXX_LANGUAGE_STANDARD = "gnu++0x";
				CLANG_CXX_LIBRARY = "libc++";
				CLANG_ENABLE_MODULES = YES;
				CLANG_ENABLE_OBJC_ARC = YES;
				CLANG_WARN_BOOL_CONVERSION = YES;
				CLANG_WARN_CONSTANT_CONVERSION = YES;
				CLANG_WARN_DIRECT_OBJC_ISA_USAGE = YES_ERROR;
				CLANG_WARN_EMPTY_BODY = YES;
				CLANG_WARN_ENUM_CONVERSION = YES;
				CLANG_WARN_INFINITE_RECURSION = YES;
				CLANG_WARN_INT_CONVERSION = YES;
				CLANG_WARN_OBJC_ROOT_CLASS = YES_ERROR;
				CLANG_WARN_SUSPICIOUS_MOVE = YES;
				CLANG_WARN_UNREACHABLE_CODE = YES;
				CLANG_WARN__DUPLICATE_METHOD_MATCH = YES;
				"CODE_SIGN_IDENTITY[sdk=iphoneos*]" = "iPhone Developer";
				COPY_PHASE_STRIP = YES;
				ENABLE_NS_ASSERTIONS = NO;
				ENABLE_STRICT_OBJC_MSGSEND = YES;
				GCC_C_LANGUAGE_STANDARD = gnu99;
				GCC_NO_COMMON_BLOCKS = YES;
				GCC_WARN_64_TO_32_BIT_CONVERSION = YES;
				GCC_WARN_ABOUT_RETURN_TYPE = YES_ERROR;
				GCC_WARN_UNDECLARED_SELECTOR = YES;
				GCC_WARN_UNINITIALIZED_AUTOS = YES_AGGRESSIVE;
				GCC_WARN_UNUSED_FUNCTION = YES;
				GCC_WARN_UNUSED_VARIABLE = YES;
				IPHONEOS_DEPLOYMENT_TARGET = 7.0;
				SDKROOT = iphoneos;
				TARGETED_DEVICE_FAMILY = "1,2";
				VALIDATE_PRODUCT = YES;
			};
			name = Release;
		};
		6003F5C0195388D20070C39A /* Debug */ = {
			isa = XCBuildConfiguration;
			baseConfigurationReference = 0B0280581637582EA50EB85D /* Pods-PushPrime_Example.debug.xcconfig */;
			buildSettings = {
				ASSETCATALOG_COMPILER_APPICON_NAME = AppIcon;
				ASSETCATALOG_COMPILER_LAUNCHIMAGE_NAME = LaunchImage;
				CODE_SIGN_ENTITLEMENTS = PushPrime_Example.entitlements;
				DEVELOPMENT_TEAM = XEEU6U4NDT;
				GCC_PRECOMPILE_PREFIX_HEADER = YES;
				GCC_PREFIX_HEADER = "PushPrime/PushPrime-Prefix.pch";
				INFOPLIST_FILE = "PushPrime/PushPrime-Info.plist";
				IPHONEOS_DEPLOYMENT_TARGET = 10.3;
				MODULE_NAME = ExampleApp;
				PRODUCT_BUNDLE_IDENTIFIER = "org.cocoapods.demo.${PRODUCT_NAME:rfc1034identifier}";
				PRODUCT_NAME = PushPrime;
				TARGETED_DEVICE_FAMILY = "1,2";
				WRAPPER_EXTENSION = app;
			};
			name = Debug;
		};
		6003F5C1195388D20070C39A /* Release */ = {
			isa = XCBuildConfiguration;
			baseConfigurationReference = D68976330B4C885D037F2075 /* Pods-PushPrime_Example.release.xcconfig */;
			buildSettings = {
				ASSETCATALOG_COMPILER_APPICON_NAME = AppIcon;
				ASSETCATALOG_COMPILER_LAUNCHIMAGE_NAME = LaunchImage;
				CODE_SIGN_ENTITLEMENTS = PushPrime_Example.entitlements;
				DEVELOPMENT_TEAM = XEEU6U4NDT;
				GCC_PRECOMPILE_PREFIX_HEADER = YES;
				GCC_PREFIX_HEADER = "PushPrime/PushPrime-Prefix.pch";
				INFOPLIST_FILE = "PushPrime/PushPrime-Info.plist";
				IPHONEOS_DEPLOYMENT_TARGET = 10.3;
				MODULE_NAME = ExampleApp;
				PRODUCT_BUNDLE_IDENTIFIER = "org.cocoapods.demo.${PRODUCT_NAME:rfc1034identifier}";
				PRODUCT_NAME = PushPrime;
				TARGETED_DEVICE_FAMILY = "1,2";
				WRAPPER_EXTENSION = app;
			};
			name = Release;
		};
		6003F5C3195388D20070C39A /* Debug */ = {
			isa = XCBuildConfiguration;
			baseConfigurationReference = 25ADACD2241FC52636990F59 /* Pods-PushPrime_Tests.debug.xcconfig */;
			buildSettings = {
				BUNDLE_LOADER = "$(TEST_HOST)";
				FRAMEWORK_SEARCH_PATHS = (
					"$(SDKROOT)/Developer/Library/Frameworks",
					"$(inherited)",
					"$(DEVELOPER_FRAMEWORKS_DIR)",
				);
				GCC_PRECOMPILE_PREFIX_HEADER = YES;
				GCC_PREFIX_HEADER = "Tests/Tests-Prefix.pch";
				GCC_PREPROCESSOR_DEFINITIONS = (
					"DEBUG=1",
					"$(inherited)",
				);
				INFOPLIST_FILE = "Tests/Tests-Info.plist";
				PRODUCT_BUNDLE_IDENTIFIER = "org.cocoapods.demo.${PRODUCT_NAME:rfc1034identifier}";
				PRODUCT_NAME = "$(TARGET_NAME)";
				TEST_HOST = "$(BUILT_PRODUCTS_DIR)/PushPrime_Example.app/PushPrime_Example";
				WRAPPER_EXTENSION = xctest;
			};
			name = Debug;
		};
		6003F5C4195388D20070C39A /* Release */ = {
			isa = XCBuildConfiguration;
			baseConfigurationReference = 5B787C8C0A3F39E6F4D7AAD3 /* Pods-PushPrime_Tests.release.xcconfig */;
			buildSettings = {
				BUNDLE_LOADER = "$(TEST_HOST)";
				FRAMEWORK_SEARCH_PATHS = (
					"$(SDKROOT)/Developer/Library/Frameworks",
					"$(inherited)",
					"$(DEVELOPER_FRAMEWORKS_DIR)",
				);
				GCC_PRECOMPILE_PREFIX_HEADER = YES;
				GCC_PREFIX_HEADER = "Tests/Tests-Prefix.pch";
				INFOPLIST_FILE = "Tests/Tests-Info.plist";
				PRODUCT_BUNDLE_IDENTIFIER = "org.cocoapods.demo.${PRODUCT_NAME:rfc1034identifier}";
				PRODUCT_NAME = "$(TARGET_NAME)";
				TEST_HOST = "$(BUILT_PRODUCTS_DIR)/PushPrime_Example.app/PushPrime_Example";
				WRAPPER_EXTENSION = xctest;
			};
			name = Release;
		};
		8E8314FB1E913C0D00D7F53F /* Debug */ = {
			isa = XCBuildConfiguration;
			baseConfigurationReference = F7350A3A778FAE64FFDF2345 /* Pods-PushPrimeNotificationService.debug.xcconfig */;
			buildSettings = {
				CLANG_ANALYZER_NONNULL = YES;
				CLANG_ANALYZER_NUMBER_OBJECT_CONVERSION = YES_AGGRESSIVE;
				CLANG_WARN_DOCUMENTATION_COMMENTS = YES;
				CODE_SIGN_ENTITLEMENTS = PushPrimeNotificationService/PushPrimeNotificationService.entitlements;
				DEBUG_INFORMATION_FORMAT = dwarf;
				DEVELOPMENT_TEAM = XEEU6U4NDT;
				INFOPLIST_FILE = PushPrimeNotificationService/Info.plist;
				IPHONEOS_DEPLOYMENT_TARGET = 10.3;
				LD_RUNPATH_SEARCH_PATHS = "$(inherited) @executable_path/Frameworks @executable_path/../../Frameworks";
				MTL_ENABLE_DEBUG_INFO = YES;
				PRODUCT_BUNDLE_IDENTIFIER = org.cocoapods.demo.PushPrime.PushPrimeNotificationService;
				PRODUCT_NAME = "$(TARGET_NAME)";
				SKIP_INSTALL = YES;
			};
			name = Debug;
		};
		8E8314FC1E913C0D00D7F53F /* Release */ = {
			isa = XCBuildConfiguration;
			baseConfigurationReference = DBACE1B8495FB0D0A9F4C002 /* Pods-PushPrimeNotificationService.release.xcconfig */;
			buildSettings = {
				CLANG_ANALYZER_NONNULL = YES;
				CLANG_ANALYZER_NUMBER_OBJECT_CONVERSION = YES_AGGRESSIVE;
				CLANG_WARN_DOCUMENTATION_COMMENTS = YES;
				CODE_SIGN_ENTITLEMENTS = PushPrimeNotificationService/PushPrimeNotificationService.entitlements;
				COPY_PHASE_STRIP = NO;
				DEBUG_INFORMATION_FORMAT = "dwarf-with-dsym";
				DEVELOPMENT_TEAM = XEEU6U4NDT;
				INFOPLIST_FILE = PushPrimeNotificationService/Info.plist;
				IPHONEOS_DEPLOYMENT_TARGET = 10.3;
				LD_RUNPATH_SEARCH_PATHS = "$(inherited) @executable_path/Frameworks @executable_path/../../Frameworks";
				MTL_ENABLE_DEBUG_INFO = NO;
				PRODUCT_BUNDLE_IDENTIFIER = org.cocoapods.demo.PushPrime.PushPrimeNotificationService;
				PRODUCT_NAME = "$(TARGET_NAME)";
				SKIP_INSTALL = YES;
			};
			name = Release;
		};
/* End XCBuildConfiguration section */

/* Begin XCConfigurationList section */
		6003F585195388D10070C39A /* Build configuration list for PBXProject "PushPrime" */ = {
			isa = XCConfigurationList;
			buildConfigurations = (
				6003F5BD195388D20070C39A /* Debug */,
				6003F5BE195388D20070C39A /* Release */,
			);
			defaultConfigurationIsVisible = 0;
			defaultConfigurationName = Release;
		};
		6003F5BF195388D20070C39A /* Build configuration list for PBXNativeTarget "PushPrime_Example" */ = {
			isa = XCConfigurationList;
			buildConfigurations = (
				6003F5C0195388D20070C39A /* Debug */,
				6003F5C1195388D20070C39A /* Release */,
			);
			defaultConfigurationIsVisible = 0;
			defaultConfigurationName = Release;
		};
		6003F5C2195388D20070C39A /* Build configuration list for PBXNativeTarget "PushPrime_Tests" */ = {
			isa = XCConfigurationList;
			buildConfigurations = (
				6003F5C3195388D20070C39A /* Debug */,
				6003F5C4195388D20070C39A /* Release */,
			);
			defaultConfigurationIsVisible = 0;
			defaultConfigurationName = Release;
		};
		8E8314FD1E913C0D00D7F53F /* Build configuration list for PBXNativeTarget "PushPrimeNotificationService" */ = {
			isa = XCConfigurationList;
			buildConfigurations = (
				8E8314FB1E913C0D00D7F53F /* Debug */,
				8E8314FC1E913C0D00D7F53F /* Release */,
			);
			defaultConfigurationIsVisible = 0;
			defaultConfigurationName = Release;
		};
/* End XCConfigurationList section */
	};
	rootObject = 6003F582195388D10070C39A /* Project object */;
}
